
Microsoft Visual Studio Solution File, Format Version 12.00
# Visual Studio 15
VisualStudioVersion = 15.0.27004.2002
MinimumVisualStudioVersion = 10.0.40219.1
Project("{FAE04EC0-301F-11D3-BF4B-00C04F79EFBC}") = "WindowsFormsApp1", "WindowsFormsApp1\WindowsFormsApp1.csproj", "{B759991C-A611-4C18-BCAA-58BCCDD04EA3}"
EndProject
Global
	GlobalSection(SolutionConfigurationPlatforms) = preSolution
		Debug|Any CPU = Debug|Any CPU
		Release|Any CPU = Release|Any CPU
	EndGlobalSection
	GlobalSection(ProjectConfigurationPlatforms) = postSolution
		{B759991C-A611-4C18-BCAA-58BCCDD04EA3}.Debug|Any CPU.ActiveCfg = Debug|Any CPU
		{B759991C-A611-4C18-BCAA-58BCCDD04EA3}.Debug|Any CPU.Build.0 = Debug|Any CPU
		{B759991C-A611-4C18-BCAA-58BCCDD04EA3}.Release|Any CPU.ActiveCfg = Release|Any CPU
		{B759991C-A611-4C18-BCAA-58BCCDD04EA3}.Release|Any CPU.Build.0 = Release|Any CPU
	EndGlobalSection
	GlobalSection(SolutionProperties) = preSolution
		HideSolutionNode = FALSE
	EndGlobalSection
	GlobalSection(ExtensibilityGlobals) = postSolution
		SolutionGuid = {70EFD995-3D5C-42AC-872F-43E7D4E4A553}
	EndGlobalSection
EndGlobal
